// !$*UTF8*$!
{
	archiveVersion = 1;
	classes = {
	};
	objectVersion = 50;
	objects = {

/* Begin PBXBuildFile section */
		CA2773742611EE01003D28FB /* Assignment1Tests.swift in Sources */ = {isa = PBXBuildFile; fileRef = CAE221EA26016DDB00C04454 /* Assignment1Tests.swift */; };
		CA8AFD23260C6D3800F3A1C8 /* FoodRow.swift in Sources */ = {isa = PBXBuildFile; fileRef = CA8AFD22260C6D3700F3A1C8 /* FoodRow.swift */; };
		CA8AFD24260C6D3800F3A1C8 /* FoodRow.swift in Sources */ = {isa = PBXBuildFile; fileRef = CA8AFD22260C6D3700F3A1C8 /* FoodRow.swift */; };
		CA8AFD25260C6D3800F3A1C8 /* FoodRow.swift in Sources */ = {isa = PBXBuildFile; fileRef = CA8AFD22260C6D3700F3A1C8 /* FoodRow.swift */; };
		CA8AFD2D260C742200F3A1C8 /* FoodList.swift in Sources */ = {isa = PBXBuildFile; fileRef = CA8AFD2C260C742200F3A1C8 /* FoodList.swift */; };
		CA8AFD2E260C742200F3A1C8 /* FoodList.swift in Sources */ = {isa = PBXBuildFile; fileRef = CA8AFD2C260C742200F3A1C8 /* FoodList.swift */; };
		CA8AFD2F260C742200F3A1C8 /* FoodList.swift in Sources */ = {isa = PBXBuildFile; fileRef = CA8AFD2C260C742200F3A1C8 /* FoodList.swift */; };
		CA8AFD34260C781F00F3A1C8 /* FoodDetail.swift in Sources */ = {isa = PBXBuildFile; fileRef = CA8AFD33260C781F00F3A1C8 /* FoodDetail.swift */; };
		CA8AFD35260C781F00F3A1C8 /* FoodDetail.swift in Sources */ = {isa = PBXBuildFile; fileRef = CA8AFD33260C781F00F3A1C8 /* FoodDetail.swift */; };
		CA8AFD36260C781F00F3A1C8 /* FoodDetail.swift in Sources */ = {isa = PBXBuildFile; fileRef = CA8AFD33260C781F00F3A1C8 /* FoodDetail.swift */; };
		CAC5806A2611EC7D00A96258 /* Food.swift in Sources */ = {isa = PBXBuildFile; fileRef = CAC580692611EC7D00A96258 /* Food.swift */; };
		CAC5806B2611EC7D00A96258 /* Food.swift in Sources */ = {isa = PBXBuildFile; fileRef = CAC580692611EC7D00A96258 /* Food.swift */; };
		CAC5806C2611EC7D00A96258 /* Food.swift in Sources */ = {isa = PBXBuildFile; fileRef = CAC580692611EC7D00A96258 /* Food.swift */; };
		CAE221D926016DDA00C04454 /* Assignment1App.swift in Sources */ = {isa = PBXBuildFile; fileRef = CAE221D826016DDA00C04454 /* Assignment1App.swift */; };
		CAE221DB26016DDA00C04454 /* ContentView.swift in Sources */ = {isa = PBXBuildFile; fileRef = CAE221DA26016DDA00C04454 /* ContentView.swift */; };
		CAE221DD26016DDB00C04454 /* Assets.xcassets in Resources */ = {isa = PBXBuildFile; fileRef = CAE221DC26016DDB00C04454 /* Assets.xcassets */; };
		CAE221E026016DDB00C04454 /* Preview Assets.xcassets in Resources */ = {isa = PBXBuildFile; fileRef = CAE221DF26016DDB00C04454 /* Preview Assets.xcassets */; };
		CAE221EB26016DDB00C04454 /* Assignment1Tests.swift in Sources */ = {isa = PBXBuildFile; fileRef = CAE221EA26016DDB00C04454 /* Assignment1Tests.swift */; };
		CAE221F626016DDB00C04454 /* Assignment1UITests.swift in Sources */ = {isa = PBXBuildFile; fileRef = CAE221F526016DDB00C04454 /* Assignment1UITests.swift */; };
/* End PBXBuildFile section */

/* Begin PBXContainerItemProxy section */
		CAE221E726016DDB00C04454 /* PBXContainerItemProxy */ = {
			isa = PBXContainerItemProxy;
			containerPortal = CAE221CD26016DDA00C04454 /* Project object */;
			proxyType = 1;
			remoteGlobalIDString = CAE221D426016DDA00C04454;
			remoteInfo = Assignment1;
		};
		CAE221F226016DDB00C04454 /* PBXContainerItemProxy */ = {
			isa = PBXContainerItemProxy;
			containerPortal = CAE221CD26016DDA00C04454 /* Project object */;
			proxyType = 1;
			remoteGlobalIDString = CAE221D426016DDA00C04454;
			remoteInfo = Assignment1;
		};
/* End PBXContainerItemProxy section */

/* Begin PBXFileReference section */
		CA8AFD22260C6D3700F3A1C8 /* FoodRow.swift */ = {isa = PBXFileReference; lastKnownFileType = sourcecode.swift; path = FoodRow.swift; sourceTree = "<group>"; };
		CA8AFD2C260C742200F3A1C8 /* FoodList.swift */ = {isa = PBXFileReference; lastKnownFileType = sourcecode.swift; path = FoodList.swift; sourceTree = "<group>"; };
		CA8AFD33260C781F00F3A1C8 /* FoodDetail.swift */ = {isa = PBXFileReference; lastKnownFileType = sourcecode.swift; path = FoodDetail.swift; sourceTree = "<group>"; };
		CAC580692611EC7D00A96258 /* Food.swift */ = {isa = PBXFileReference; lastKnownFileType = sourcecode.swift; path = Food.swift; sourceTree = "<group>"; };
		CAE221D526016DDA00C04454 /* Assignment1.app */ = {isa = PBXFileReference; explicitFileType = wrapper.application; includeInIndex = 0; path = Assignment1.app; sourceTree = BUILT_PRODUCTS_DIR; };
		CAE221D826016DDA00C04454 /* Assignment1App.swift */ = {isa = PBXFileReference; lastKnownFileType = sourcecode.swift; path = Assignment1App.swift; sourceTree = "<group>"; };
		CAE221DA26016DDA00C04454 /* ContentView.swift */ = {isa = PBXFileReference; lastKnownFileType = sourcecode.swift; path = ContentView.swift; sourceTree = "<group>"; };
		CAE221DC26016DDB00C04454 /* Assets.xcassets */ = {isa = PBXFileReference; lastKnownFileType = folder.assetcatalog; path = Assets.xcassets; sourceTree = "<group>"; };
		CAE221DF26016DDB00C04454 /* Preview Assets.xcassets */ = {isa = PBXFileReference; lastKnownFileType = folder.assetcatalog; path = "Preview Assets.xcassets"; sourceTree = "<group>"; };
		CAE221E126016DDB00C04454 /* Info.plist */ = {isa = PBXFileReference; lastKnownFileType = text.plist.xml; path = Info.plist; sourceTree = "<group>"; };
		CAE221E626016DDB00C04454 /* Assignment1Tests.xctest */ = {isa = PBXFileReference; explicitFileType = wrapper.cfbundle; includeInIndex = 0; path = Assignment1Tests.xctest; sourceTree = BUILT_PRODUCTS_DIR; };
		CAE221EA26016DDB00C04454 /* Assignment1Tests.swift */ = {isa = PBXFileReference; lastKnownFileType = sourcecode.swift; path = Assignment1Tests.swift; sourceTree = "<group>"; };
		CAE221EC26016DDB00C04454 /* Info.plist */ = {isa = PBXFileReference; lastKnownFileType = text.plist.xml; path = Info.plist; sourceTree = "<group>"; };
		CAE221F126016DDB00C04454 /* Assignment1UITests.xctest */ = {isa = PBXFileReference; explicitFileType = wrapper.cfbundle; includeInIndex = 0; path = Assignment1UITests.xctest; sourceTree = BUILT_PRODUCTS_DIR; };
		CAE221F526016DDB00C04454 /* Assignment1UITests.swift */ = {isa = PBXFileReference; lastKnownFileType = sourcecode.swift; path = Assignment1UITests.swift; sourceTree = "<group>"; };
		CAE221F726016DDB00C04454 /* Info.plist */ = {isa = PBXFileReference; lastKnownFileType = text.plist.xml; path = Info.plist; sourceTree = "<group>"; };
/* End PBXFileReference section */

/* Begin PBXFrameworksBuildPhase section */
		CAE221D226016DDA00C04454 /* Frameworks */ = {
			isa = PBXFrameworksBuildPhase;
			buildActionMask = 2147483647;
			files = (
			);
			runOnlyForDeploymentPostprocessing = 0;
		};
		CAE221E326016DDB00C04454 /* Frameworks */ = {
			isa = PBXFrameworksBuildPhase;
			buildActionMask = 2147483647;
			files = (
			);
			runOnlyForDeploymentPostprocessing = 0;
		};
		CAE221EE26016DDB00C04454 /* Frameworks */ = {
			isa = PBXFrameworksBuildPhase;
			buildActionMask = 2147483647;
			files = (
			);
			runOnlyForDeploymentPostprocessing = 0;
		};
/* End PBXFrameworksBuildPhase section */

/* Begin PBXGroup section */
		CAE221CC26016DDA00C04454 = {
			isa = PBXGroup;
			children = (
				CAE221D726016DDA00C04454 /* Assignment1 */,
				CAE221E926016DDB00C04454 /* Assignment1Tests */,
				CAE221F426016DDB00C04454 /* Assignment1UITests */,
				CAE221D626016DDA00C04454 /* Products */,
			);
			sourceTree = "<group>";
		};
		CAE221D626016DDA00C04454 /* Products */ = {
			isa = PBXGroup;
			children = (
				CAE221D526016DDA00C04454 /* Assignment1.app */,
				CAE221E626016DDB00C04454 /* Assignment1Tests.xctest */,
				CAE221F126016DDB00C04454 /* Assignment1UITests.xctest */,
			);
			name = Products;
			sourceTree = "<group>";
		};
		CAE221D726016DDA00C04454 /* Assignment1 */ = {
			isa = PBXGroup;
			children = (
				CAE221D826016DDA00C04454 /* Assignment1App.swift */,
				CAE221DC26016DDB00C04454 /* Assets.xcassets */,
				CAE221DA26016DDA00C04454 /* ContentView.swift */,
				CAE221E126016DDB00C04454 /* Info.plist */,
				CAE221DE26016DDB00C04454 /* Preview Content */,
				CA8AFD22260C6D3700F3A1C8 /* FoodRow.swift */,
				CA8AFD2C260C742200F3A1C8 /* FoodList.swift */,
				CA8AFD33260C781F00F3A1C8 /* FoodDetail.swift */,
				CAC580692611EC7D00A96258 /* Food.swift */,
			);
			path = Assignment1;
			sourceTree = "<group>";
		};
		CAE221DE26016DDB00C04454 /* Preview Content */ = {
			isa = PBXGroup;
			children = (
				CAE221DF26016DDB00C04454 /* Preview Assets.xcassets */,
			);
			path = "Preview Content";
			sourceTree = "<group>";
		};
		CAE221E926016DDB00C04454 /* Assignment1Tests */ = {
			isa = PBXGroup;
			children = (
				CAE221EA26016DDB00C04454 /* Assignment1Tests.swift */,
				CAE221EC26016DDB00C04454 /* Info.plist */,
			);
			path = Assignment1Tests;
			sourceTree = "<group>";
		};
		CAE221F426016DDB00C04454 /* Assignment1UITests */ = {
			isa = PBXGroup;
			children = (
				CAE221F526016DDB00C04454 /* Assignment1UITests.swift */,
				CAE221F726016DDB00C04454 /* Info.plist */,
			);
			path = Assignment1UITests;
			sourceTree = "<group>";
		};
/* End PBXGroup section */

/* Begin PBXNativeTarget section */
		CAE221D426016DDA00C04454 /* Assignment1 */ = {
			isa = PBXNativeTarget;
			buildConfigurationList = CAE221FA26016DDB00C04454 /* Build configuration list for PBXNativeTarget "Assignment1" */;
			buildPhases = (
				CAE221D126016DDA00C04454 /* Sources */,
				CAE221D226016DDA00C04454 /* Frameworks */,
				CAE221D326016DDA00C04454 /* Resources */,
			);
			buildRules = (
			);
			dependencies = (
			);
			name = Assignment1;
			productName = Assignment1;
			productReference = CAE221D526016DDA00C04454 /* Assignment1.app */;
			productType = "com.apple.product-type.application";
		};
		CAE221E526016DDB00C04454 /* Assignment1Tests */ = {
			isa = PBXNativeTarget;
			buildConfigurationList = CAE221FD26016DDB00C04454 /* Build configuration list for PBXNativeTarget "Assignment1Tests" */;
			buildPhases = (
				CAE221E226016DDB00C04454 /* Sources */,
				CAE221E326016DDB00C04454 /* Frameworks */,
				CAE221E426016DDB00C04454 /* Resources */,
			);
			buildRules = (
			);
			dependencies = (
				CAE221E826016DDB00C04454 /* PBXTargetDependency */,
			);
			name = Assignment1Tests;
			productName = Assignment1Tests;
			productReference = CAE221E626016DDB00C04454 /* Assignment1Tests.xctest */;
			productType = "com.apple.product-type.bundle.unit-test";
		};
		CAE221F026016DDB00C04454 /* Assignment1UITests */ = {
			isa = PBXNativeTarget;
			buildConfigurationList = CAE2220026016DDB00C04454 /* Build configuration list for PBXNativeTarget "Assignment1UITests" */;
			buildPhases = (
				CAE221ED26016DDB00C04454 /* Sources */,
				CAE221EE26016DDB00C04454 /* Frameworks */,
				CAE221EF26016DDB00C04454 /* Resources */,
			);
			buildRules = (
			);
			dependencies = (
				CAE221F326016DDB00C04454 /* PBXTargetDependency */,
			);
			name = Assignment1UITests;
			productName = Assignment1UITests;
			productReference = CAE221F126016DDB00C04454 /* Assignment1UITests.xctest */;
			productType = "com.apple.product-type.bundle.ui-testing";
		};
/* End PBXNativeTarget section */

/* Begin PBXProject section */
		CAE221CD26016DDA00C04454 /* Project object */ = {
			isa = PBXProject;
			attributes = {
				LastSwiftUpdateCheck = 1240;
				LastUpgradeCheck = 1240;
				TargetAttributes = {
					CAE221D426016DDA00C04454 = {
						CreatedOnToolsVersion = 12.4;
					};
					CAE221E526016DDB00C04454 = {
						CreatedOnToolsVersion = 12.4;
						TestTargetID = CAE221D426016DDA00C04454;
					};
					CAE221F026016DDB00C04454 = {
						CreatedOnToolsVersion = 12.4;
						TestTargetID = CAE221D426016DDA00C04454;
					};
				};
			};
			buildConfigurationList = CAE221D026016DDA00C04454 /* Build configuration list for PBXProject "Assignment1" */;
			compatibilityVersion = "Xcode 9.3";
			developmentRegion = en;
			hasScannedForEncodings = 0;
			knownRegions = (
				en,
				Base,
			);
			mainGroup = CAE221CC26016DDA00C04454;
			productRefGroup = CAE221D626016DDA00C04454 /* Products */;
			projectDirPath = "";
			projectRoot = "";
			targets = (
				CAE221D426016DDA00C04454 /* Assignment1 */,
				CAE221E526016DDB00C04454 /* Assignment1Tests */,
				CAE221F026016DDB00C04454 /* Assignment1UITests */,
			);
		};
/* End PBXProject section */

/* Begin PBXResourcesBuildPhase section */
		CAE221D326016DDA00C04454 /* Resources */ = {
			isa = PBXResourcesBuildPhase;
			buildActionMask = 2147483647;
			files = (
				CAE221E026016DDB00C04454 /* Preview Assets.xcassets in Resources */,
				CAE221DD26016DDB00C04454 /* Assets.xcassets in Resources */,
			);
			runOnlyForDeploymentPostprocessing = 0;
		};
		CAE221E426016DDB00C04454 /* Resources */ = {
			isa = PBXResourcesBuildPhase;
			buildActionMask = 2147483647;
			files = (
			);
			runOnlyForDeploymentPostprocessing = 0;
		};
		CAE221EF26016DDB00C04454 /* Resources */ = {
			isa = PBXResourcesBuildPhase;
			buildActionMask = 2147483647;
			files = (
			);
			runOnlyForDeploymentPostprocessing = 0;
		};
/* End PBXResourcesBuildPhase section */

/* Begin PBXSourcesBuildPhase section */
		CAE221D126016DDA00C04454 /* Sources */ = {
			isa = PBXSourcesBuildPhase;
			buildActionMask = 2147483647;
			files = (
				CA8AFD23260C6D3800F3A1C8 /* FoodRow.swift in Sources */,
				CAE221DB26016DDA00C04454 /* ContentView.swift in Sources */,
				CA8AFD34260C781F00F3A1C8 /* FoodDetail.swift in Sources */,
				CAE221D926016DDA00C04454 /* Assignment1App.swift in Sources */,
				CA8AFD2D260C742200F3A1C8 /* FoodList.swift in Sources */,
				CAC5806A2611EC7D00A96258 /* Food.swift in Sources */,
			);
			runOnlyForDeploymentPostprocessing = 0;
		};
		CAE221E226016DDB00C04454 /* Sources */ = {
			isa = PBXSourcesBuildPhase;
			buildActionMask = 2147483647;
			files = (
				CA8AFD2E260C742200F3A1C8 /* FoodList.swift in Sources */,
				CA8AFD24260C6D3800F3A1C8 /* FoodRow.swift in Sources */,
				CAC5806B2611EC7D00A96258 /* Food.swift in Sources */,
				CA8AFD35260C781F00F3A1C8 /* FoodDetail.swift in Sources */,
				CAE221EB26016DDB00C04454 /* Assignment1Tests.swift in Sources */,
			);
			runOnlyForDeploymentPostprocessing = 0;
		};
		CAE221ED26016DDB00C04454 /* Sources */ = {
			isa = PBXSourcesBuildPhase;
			buildActionMask = 2147483647;
			files = (
				CA8AFD2F260C742200F3A1C8 /* FoodList.swift in Sources */,
				CA8AFD25260C6D3800F3A1C8 /* FoodRow.swift in Sources */,
				CAC5806C2611EC7D00A96258 /* Food.swift in Sources */,
				CA8AFD36260C781F00F3A1C8 /* FoodDetail.swift in Sources */,
				CA2773742611EE01003D28FB /* Assignment1Tests.swift in Sources */,
				CAE221F626016DDB00C04454 /* Assignment1UITests.swift in Sources */,
			);
			runOnlyForDeploymentPostprocessing = 0;
		};
/* End PBXSourcesBuildPhase section */

/* Begin PBXTargetDependency section */
		CAE221E826016DDB00C04454 /* PBXTargetDependency */ = {
			isa = PBXTargetDependency;
			target = CAE221D426016DDA00C04454 /* Assignment1 */;
			targetProxy = CAE221E726016DDB00C04454 /* PBXContainerItemProxy */;
		};
		CAE221F326016DDB00C04454 /* PBXTargetDependency */ = {
			isa = PBXTargetDependency;
			target = CAE221D426016DDA00C04454 /* Assignment1 */;
			targetProxy = CAE221F226016DDB00C04454 /* PBXContainerItemProxy */;
		};
/* End PBXTargetDependency section */

/* Begin XCBuildConfiguration section */
		CAE221F826016DDB00C04454 /* Debug */ = {
			isa = XCBuildConfiguration;
			buildSettings = {
				ALWAYS_SEARCH_USER_PATHS = NO;
				CLANG_ANALYZER_NONNULL = YES;
				CLANG_ANALYZER_NUMBER_OBJECT_CONVERSION = YES_AGGRESSIVE;
				CLANG_CXX_LANGUAGE_STANDARD = "gnu++14";
				CLANG_CXX_LIBRARY = "libc++";
				CLANG_ENABLE_MODULES = YES;
				CLANG_ENABLE_OBJC_ARC = YES;
				CLANG_ENABLE_OBJC_WEAK = YES;
				CLANG_WARN_BLOCK_CAPTURE_AUTORELEASING = YES;
				CLANG_WARN_BOOL_CONVERSION = YES;
				CLANG_WARN_COMMA = YES;
				CLANG_WARN_CONSTANT_CONVERSION = YES;
				CLANG_WARN_DEPRECATED_OBJC_IMPLEMENTATIONS = YES;
				CLANG_WARN_DIRECT_OBJC_ISA_USAGE = YES_ERROR;
				CLANG_WARN_DOCUMENTATION_COMMENTS = YES;
				CLANG_WARN_EMPTY_BODY = YES;
				CLANG_WARN_ENUM_CONVERSION = YES;
				CLANG_WARN_INFINITE_RECURSION = YES;
				CLANG_WARN_INT_CONVERSION = YES;
				CLANG_WARN_NON_LITERAL_NULL_CONVERSION = YES;
				CLANG_WARN_OBJC_IMPLICIT_RETAIN_SELF = YES;
				CLANG_WARN_OBJC_LITERAL_CONVERSION = YES;
				CLANG_WARN_OBJC_ROOT_CLASS = YES_ERROR;
				CLANG_WARN_QUOTED_INCLUDE_IN_FRAMEWORK_HEADER = YES;
				CLANG_WARN_RANGE_LOOP_ANALYSIS = YES;
				CLANG_WARN_STRICT_PROTOTYPES = YES;
				CLANG_WARN_SUSPICIOUS_MOVE = YES;
				CLANG_WARN_UNGUARDED_AVAILABILITY = YES_AGGRESSIVE;
				CLANG_WARN_UNREACHABLE_CODE = YES;
				CLANG_WARN__DUPLICATE_METHOD_MATCH = YES;
				COPY_PHASE_STRIP = NO;
				DEBUG_INFORMATION_FORMAT = dwarf;
				ENABLE_STRICT_OBJC_MSGSEND = YES;
				ENABLE_TESTABILITY = YES;
				GCC_C_LANGUAGE_STANDARD = gnu11;
				GCC_DYNAMIC_NO_PIC = NO;
				GCC_NO_COMMON_BLOCKS = YES;
				GCC_OPTIMIZATION_LEVEL = 0;
				GCC_PREPROCESSOR_DEFINITIONS = (
					"DEBUG=1",
					"$(inherited)",
				);
				GCC_WARN_64_TO_32_BIT_CONVERSION = YES;
				GCC_WARN_ABOUT_RETURN_TYPE = YES_ERROR;
				GCC_WARN_UNDECLARED_SELECTOR = YES;
				GCC_WARN_UNINITIALIZED_AUTOS = YES_AGGRESSIVE;
				GCC_WARN_UNUSED_FUNCTION = YES;
				GCC_WARN_UNUSED_VARIABLE = YES;
				IPHONEOS_DEPLOYMENT_TARGET = 14.4;
				MTL_ENABLE_DEBUG_INFO = INCLUDE_SOURCE;
				MTL_FAST_MATH = YES;
				ONLY_ACTIVE_ARCH = YES;
				SDKROOT = iphoneos;
				SWIFT_ACTIVE_COMPILATION_CONDITIONS = DEBUG;
				SWIFT_OPTIMIZATION_LEVEL = "-Onone";
			};
			name = Debug;
		};
		CAE221F926016DDB00C04454 /* Release */ = {
			isa = XCBuildConfiguration;
			buildSettings = {
				ALWAYS_SEARCH_USER_PATHS = NO;
				CLANG_ANALYZER_NONNULL = YES;
				CLANG_ANALYZER_NUMBER_OBJECT_CONVERSION = YES_AGGRESSIVE;
				CLANG_CXX_LANGUAGE_STANDARD = "gnu++14";
				CLANG_CXX_LIBRARY = "libc++";
				CLANG_ENABLE_MODULES = YES;
				CLANG_ENABLE_OBJC_ARC = YES;
				CLANG_ENABLE_OBJC_WEAK = YES;
				CLANG_WARN_BLOCK_CAPTURE_AUTORELEASING = YES;
				CLANG_WARN_BOOL_CONVERSION = YES;
				CLANG_WARN_COMMA = YES;
				CLANG_WARN_CONSTANT_CONVERSION = YES;
				CLANG_WARN_DEPRECATED_OBJC_IMPLEMENTATIONS = YES;
				CLANG_WARN_DIRECT_OBJC_ISA_USAGE = YES_ERROR;
				CLANG_WARN_DOCUMENTATION_COMMENTS = YES;
				CLANG_WARN_EMPTY_BODY = YES;
				CLANG_WARN_ENUM_CONVERSION = YES;
				CLANG_WARN_INFINITE_RECURSION = YES;
				CLANG_WARN_INT_CONVERSION = YES;
				CLANG_WARN_NON_LITERAL_NULL_CONVERSION = YES;
				CLANG_WARN_OBJC_IMPLICIT_RETAIN_SELF = YES;
				CLANG_WARN_OBJC_LITERAL_CONVERSION = YES;
				CLANG_WARN_OBJC_ROOT_CLASS = YES_ERROR;
				CLANG_WARN_QUOTED_INCLUDE_IN_FRAMEWORK_HEADER = YES;
				CLANG_WARN_RANGE_LOOP_ANALYSIS = YES;
				CLANG_WARN_STRICT_PROTOTYPES = YES;
				CLANG_WARN_SUSPICIOUS_MOVE = YES;
				CLANG_WARN_UNGUARDED_AVAILABILITY = YES_AGGRESSIVE;
				CLANG_WARN_UNREACHABLE_CODE = YES;
				CLANG_WARN__DUPLICATE_METHOD_MATCH = YES;
				COPY_PHASE_STRIP = NO;
				DEBUG_INFORMATION_FORMAT = "dwarf-with-dsym";
				ENABLE_NS_ASSERTIONS = NO;
				ENABLE_STRICT_OBJC_MSGSEND = YES;
				GCC_C_LANGUAGE_STANDARD = gnu11;
				GCC_NO_COMMON_BLOCKS = YES;
				GCC_WARN_64_TO_32_BIT_CONVERSION = YES;
				GCC_WARN_ABOUT_RETURN_TYPE = YES_ERROR;
				GCC_WARN_UNDECLARED_SELECTOR = YES;
				GCC_WARN_UNINITIALIZED_AUTOS = YES_AGGRESSIVE;
				GCC_WARN_UNUSED_FUNCTION = YES;
				GCC_WARN_UNUSED_VARIABLE = YES;
				IPHONEOS_DEPLOYMENT_TARGET = 14.4;
				MTL_ENABLE_DEBUG_INFO = NO;
				MTL_FAST_MATH = YES;
				SDKROOT = iphoneos;
				SWIFT_COMPILATION_MODE = wholemodule;
				SWIFT_OPTIMIZATION_LEVEL = "-O";
				VALIDATE_PRODUCT = YES;
			};
			name = Release;
		};
		CAE221FB26016DDB00C04454 /* Debug */ = {
			isa = XCBuildConfiguration;
			buildSettings = {
				ASSETCATALOG_COMPILER_APPICON_NAME = AppIcon;
				ASSETCATALOG_COMPILER_GLOBAL_ACCENT_COLOR_NAME = AccentColor;
				CODE_SIGN_STYLE = Automatic;
				DEVELOPMENT_ASSET_PATHS = "\"Assignment1/Preview Content\"";
				DEVELOPMENT_TEAM = WRDR4HDM7D;
				ENABLE_PREVIEWS = YES;
				INFOPLIST_FILE = Assignment1/Info.plist;
				IPHONEOS_DEPLOYMENT_TARGET = 14.0;
				LD_RUNPATH_SEARCH_PATHS = (
					"$(inherited)",
					"@executable_path/Frameworks",
				);
				PRODUCT_BUNDLE_IDENTIFIER = kmurp62.Assignment1;
				PRODUCT_NAME = "$(TARGET_NAME)";
				SWIFT_VERSION = 5.0;
				TARGETED_DEVICE_FAMILY = "1,2";
			};
			name = Debug;
		};
		CAE221FC26016DDB00C04454 /* Release */ = {
			isa = XCBuildConfiguration;
			buildSettings = {
				ASSETCATALOG_COMPILER_APPICON_NAME = AppIcon;
				ASSETCATALOG_COMPILER_GLOBAL_ACCENT_COLOR_NAME = AccentColor;
				CODE_SIGN_STYLE = Automatic;
				DEVELOPMENT_ASSET_PATHS = "\"Assignment1/Preview Content\"";
				DEVELOPMENT_TEAM = WRDR4HDM7D;
				ENABLE_PREVIEWS = YES;
				INFOPLIST_FILE = Assignment1/Info.plist;
				IPHONEOS_DEPLOYMENT_TARGET = 14.0;
				LD_RUNPATH_SEARCH_PATHS = (
					"$(inherited)",
					"@executable_path/Frameworks",
				);
				PRODUCT_BUNDLE_IDENTIFIER = kmurp62.Assignment1;
				PRODUCT_NAME = "$(TARGET_NAME)";
				SWIFT_VERSION = 5.0;
				TARGETED_DEVICE_FAMILY = "1,2";
			};
			name = Release;
		};
		CAE221FE26016DDB00C04454 /* Debug */ = {
			isa = XCBuildConfiguration;
			buildSettings = {
				ALWAYS_EMBED_SWIFT_STANDARD_LIBRARIES = YES;
				BUNDLE_LOADER = "$(TEST_HOST)";
				CODE_SIGN_STYLE = Automatic;
				DEVELOPMENT_TEAM = WRDR4HDM7D;
				INFOPLIST_FILE = Assignment1Tests/Info.plist;
				IPHONEOS_DEPLOYMENT_TARGET = 14.0;
				LD_RUNPATH_SEARCH_PATHS = (
					"$(inherited)",
					"@executable_path/Frameworks",
					"@loader_path/Frameworks",
				);
				PRODUCT_BUNDLE_IDENTIFIER = kmurp62.Assignment1Tests;
				PRODUCT_NAME = "$(TARGET_NAME)";
				SWIFT_VERSION = 5.0;
				TARGETED_DEVICE_FAMILY = "1,2";
				TEST_HOST = "$(BUILT_PRODUCTS_DIR)/Assignment1.app/Assignment1";
			};
			name = Debug;
		};
		CAE221FF26016DDB00C04454 /* Release */ = {
			isa = XCBuildConfiguration;
			buildSettings = {
				ALWAYS_EMBED_SWIFT_STANDARD_LIBRARIES = YES;
				BUNDLE_LOADER = "$(TEST_HOST)";
				CODE_SIGN_STYLE = Automatic;
				DEVELOPMENT_TEAM = WRDR4HDM7D;
				INFOPLIST_FILE = Assignment1Tests/Info.plist;
				IPHONEOS_DEPLOYMENT_TARGET = 14.0;
				LD_RUNPATH_SEARCH_PATHS = (
					"$(inherited)",
					"@executable_path/Frameworks",
					"@loader_path/Frameworks",
				);
				PRODUCT_BUNDLE_IDENTIFIER = kmurp62.Assignment1Tests;
				PRODUCT_NAME = "$(TARGET_NAME)";
				SWIFT_VERSION = 5.0;
				TARGETED_DEVICE_FAMILY = "1,2";
				TEST_HOST = "$(BUILT_PRODUCTS_DIR)/Assignment1.app/Assignment1";
			};
			name = Release;
		};
		CAE2220126016DDB00C04454 /* Debug */ = {
			isa = XCBuildConfiguration;
			buildSettings = {
				ALWAYS_EMBED_SWIFT_STANDARD_LIBRARIES = YES;
				CODE_SIGN_STYLE = Automatic;
				DEVELOPMENT_TEAM = WRDR4HDM7D;
				INFOPLIST_FILE = Assignment1UITests/Info.plist;
				LD_RUNPATH_SEARCH_PATHS = (
					"$(inherited)",
					"@executable_path/Frameworks",
					"@loader_path/Frameworks",
				);
				PRODUCT_BUNDLE_IDENTIFIER = kmurp62.Assignment1UITests;
				PRODUCT_NAME = "$(TARGET_NAME)";
				SWIFT_VERSION = 5.0;
				TARGETED_DEVICE_FAMILY = "1,2";
				TEST_TARGET_NAME = Assignment1;
			};
			name = Debug;
		};
		CAE2220226016DDB00C04454 /* Release */ = {
			isa = XCBuildConfiguration;
			buildSettings = {
				ALWAYS_EMBED_SWIFT_STANDARD_LIBRARIES = YES;
				CODE_SIGN_STYLE = Automatic;
				DEVELOPMENT_TEAM = WRDR4HDM7D;
				INFOPLIST_FILE = Assignment1UITests/Info.plist;
				LD_RUNPATH_SEARCH_PATHS = (
					"$(inherited)",
					"@executable_path/Frameworks",
					"@loader_path/Frameworks",
				);
				PRODUCT_BUNDLE_IDENTIFIER = kmurp62.Assignment1UITests;
				PRODUCT_NAME = "$(TARGET_NAME)";
				SWIFT_VERSION = 5.0;
				TARGETED_DEVICE_FAMILY = "1,2";
				TEST_TARGET_NAME = Assignment1;
			};
			name = Release;
		};
/* End XCBuildConfiguration section */

/* Begin XCConfigurationList section */
		CAE221D026016DDA00C04454 /* Build configuration list for PBXProject "Assignment1" */ = {
			isa = XCConfigurationList;
			buildConfigurations = (
				CAE221F826016DDB00C04454 /* Debug */,
				CAE221F926016DDB00C04454 /* Release */,
			);
			defaultConfigurationIsVisible = 0;
			defaultConfigurationName = Release;
		};
		CAE221FA26016DDB00C04454 /* Build configuration list for PBXNativeTarget "Assignment1" */ = {
			isa = XCConfigurationList;
			buildConfigurations = (
				CAE221FB26016DDB00C04454 /* Debug */,
				CAE221FC26016DDB00C04454 /* Release */,
			);
			defaultConfigurationIsVisible = 0;
			defaultConfigurationName = Release;
		};
		CAE221FD26016DDB00C04454 /* Build configuration list for PBXNativeTarget "Assignment1Tests" */ = {
			isa = XCConfigurationList;
			buildConfigurations = (
				CAE221FE26016DDB00C04454 /* Debug */,
				CAE221FF26016DDB00C04454 /* Release */,
			);
			defaultConfigurationIsVisible = 0;
			defaultConfigurationName = Release;
		};
		CAE2220026016DDB00C04454 /* Build configuration list for PBXNativeTarget "Assignment1UITests" */ = {
			isa = XCConfigurationList;
			buildConfigurations = (
				CAE2220126016DDB00C04454 /* Debug */,
				CAE2220226016DDB00C04454 /* Release */,
			);
			defaultConfigurationIsVisible = 0;
			defaultConfigurationName = Release;
		};
/* End XCConfigurationList section */
	};
	rootObject = CAE221CD26016DDA00C04454 /* Project object */;
}
